{
  "requires": true,
  "lockfileVersion": 1,
  "dependencies": {
    "types-directory": {
      "version": "0.125.0",
      "resolved": "http://ec2-13-233-139-34.ap-south-1.compute.amazonaws.com:4873/types-directory/-/types-directory-0.125.0.tgz",
      "integrity": "sha512-GcDzJzZU0tJD0cI2G4PZZo0wAU/JmxrxDGtrWWoq621OkcAYokFE7mhej1VzbEmia+bY91C0VzMPivQGfr9OHQ=="
    }
  }
}
